// !$*UTF8*$!
{
	archiveVersion = 1;
	classes = {
	};
	objectVersion = 46;
	objects = {

/* Begin PBXBuildFile section */
		1247B7B41A8B03DC00A4987A /* CoreGraphics.framework in Frameworks */ = {isa = PBXBuildFile; fileRef = 1247B7B31A8B03DC00A4987A /* CoreGraphics.framework */; };
		12728C9D1A8211E400E5E2F5 /* main.m in Sources */ = {isa = PBXBuildFile; fileRef = 12728C9C1A8211E400E5E2F5 /* main.m */; };
		12728CA01A8211E400E5E2F5 /* AppDelegate.m in Sources */ = {isa = PBXBuildFile; fileRef = 12728C9F1A8211E400E5E2F5 /* AppDelegate.m */; };
		12728CA31A8211E400E5E2F5 /* StylizeDemoBasicViewController.m in Sources */ = {isa = PBXBuildFile; fileRef = 12728CA21A8211E400E5E2F5 /* StylizeDemoBasicViewController.m */; };
		12728CA61A8211E400E5E2F5 /* Main.storyboard in Resources */ = {isa = PBXBuildFile; fileRef = 12728CA41A8211E400E5E2F5 /* Main.storyboard */; };
		12728CA81A8211E400E5E2F5 /* Images.xcassets in Resources */ = {isa = PBXBuildFile; fileRef = 12728CA71A8211E400E5E2F5 /* Images.xcassets */; };
		12728CAB1A8211E400E5E2F5 /* LaunchScreen.xib in Resources */ = {isa = PBXBuildFile; fileRef = 12728CA91A8211E400E5E2F5 /* LaunchScreen.xib */; };
		12728CB71A8211E400E5E2F5 /* StylizeDemoTests.m in Sources */ = {isa = PBXBuildFile; fileRef = 12728CB61A8211E400E5E2F5 /* StylizeDemoTests.m */; };
		129F841E1C1D5E1100F19FB2 /* StylizeNode+Query.m in Sources */ = {isa = PBXBuildFile; fileRef = 129F83EE1C1D5E1100F19FB2 /* StylizeNode+Query.m */; };
		129F84201C1D5E1100F19FB2 /* StylizeNode+Flexbox.m in Sources */ = {isa = PBXBuildFile; fileRef = 129F83F41C1D5E1100F19FB2 /* StylizeNode+Flexbox.m */; };
		129F84211C1D5E1100F19FB2 /* StylizeButtonNode.m in Sources */ = {isa = PBXBuildFile; fileRef = 129F83F71C1D5E1100F19FB2 /* StylizeButtonNode.m */; };
		129F84221C1D5E1100F19FB2 /* StylizeCellNode.m in Sources */ = {isa = PBXBuildFile; fileRef = 129F83F91C1D5E1100F19FB2 /* StylizeCellNode.m */; };
		129F84231C1D5E1100F19FB2 /* StylizeControlNode.m in Sources */ = {isa = PBXBuildFile; fileRef = 129F83FB1C1D5E1100F19FB2 /* StylizeControlNode.m */; };
		129F84241C1D5E1100F19FB2 /* StylizeImageNode.m in Sources */ = {isa = PBXBuildFile; fileRef = 129F83FE1C1D5E1100F19FB2 /* StylizeImageNode.m */; };
		129F84251C1D5E1100F19FB2 /* StylizeScrollNode.m in Sources */ = {isa = PBXBuildFile; fileRef = 129F84001C1D5E1100F19FB2 /* StylizeScrollNode.m */; };
		129F84261C1D5E1100F19FB2 /* StylizeTextNode.m in Sources */ = {isa = PBXBuildFile; fileRef = 129F84021C1D5E1100F19FB2 /* StylizeTextNode.m */; };
		129F84271C1D5E1100F19FB2 /* StylizeCSSMediaQuery.m in Sources */ = {isa = PBXBuildFile; fileRef = 129F84061C1D5E1100F19FB2 /* StylizeCSSMediaQuery.m */; };
		129F84281C1D5E1100F19FB2 /* StylizeCSSRule.m in Sources */ = {isa = PBXBuildFile; fileRef = 129F84081C1D5E1100F19FB2 /* StylizeCSSRule.m */; };
		129F84291C1D5E1100F19FB2 /* StylizeCSSRuleParser.m in Sources */ = {isa = PBXBuildFile; fileRef = 129F840A1C1D5E1100F19FB2 /* StylizeCSSRuleParser.m */; };
		129F842B1C1D5E1100F19FB2 /* StylizeNode.m in Sources */ = {isa = PBXBuildFile; fileRef = 129F84101C1D5E1100F19FB2 /* StylizeNode.m */; };
		129F842D1C1D5E1100F19FB2 /* Layout.c in Sources */ = {isa = PBXBuildFile; fileRef = 129F84151C1D5E1100F19FB2 /* Layout.c */; };
		129F842E1C1D5E1100F19FB2 /* StylizeColorUtility.m in Sources */ = {isa = PBXBuildFile; fileRef = 129F84191C1D5E1100F19FB2 /* StylizeColorUtility.m */; };
		129F842F1C1D5E1100F19FB2 /* StylizeRegexUtility.m in Sources */ = {isa = PBXBuildFile; fileRef = 129F841B1C1D5E1100F19FB2 /* StylizeRegexUtility.m */; };
		129F84301C1D5E1100F19FB2 /* StylizeUtility.m in Sources */ = {isa = PBXBuildFile; fileRef = 129F841D1C1D5E1100F19FB2 /* StylizeUtility.m */; };
		129F84331C1D790E00F19FB2 /* UIView+StylizeNode.m in Sources */ = {isa = PBXBuildFile; fileRef = 129F84321C1D790E00F19FB2 /* UIView+StylizeNode.m */; };
		129F84471C1D9AF100F19FB2 /* StylizeDemoBasicNode.xml in Resources */ = {isa = PBXBuildFile; fileRef = 129F84461C1D9AF100F19FB2 /* StylizeDemoBasicNode.xml */; };
		129F844A1C1EDD4300F19FB2 /* StylizeStyleSheet.m in Sources */ = {isa = PBXBuildFile; fileRef = 129F84491C1EDD4300F19FB2 /* StylizeStyleSheet.m */; };
		12AEA9631C143C8800FCA81D /* MDLaunchScreenLogo.png in Resources */ = {isa = PBXBuildFile; fileRef = 12AEA9621C143C8800FCA81D /* MDLaunchScreenLogo.png */; };
		12C62D7F1AE6570B00B09438 /* CFNetwork.framework in Frameworks */ = {isa = PBXBuildFile; fileRef = 12C62D7E1AE6570B00B09438 /* CFNetwork.framework */; };
		12C62D811AE6571900B09438 /* SystemConfiguration.framework in Frameworks */ = {isa = PBXBuildFile; fileRef = 12C62D801AE6571900B09438 /* SystemConfiguration.framework */; };
		50ECAD8664A81EC93ABB9F0A /* libPods-StylizeDemo.a in Frameworks */ = {isa = PBXBuildFile; fileRef = F86003E1CBE76D224D378DA3 /* libPods-StylizeDemo.a */; };
/* End PBXBuildFile section */

/* Begin PBXContainerItemProxy section */
		12728CB11A8211E400E5E2F5 /* PBXContainerItemProxy */ = {
			isa = PBXContainerItemProxy;
			containerPortal = 12728C8F1A8211E300E5E2F5 /* Project object */;
			proxyType = 1;
			remoteGlobalIDString = 12728C961A8211E300E5E2F5;
			remoteInfo = StylizeDemo;
		};
/* End PBXContainerItemProxy section */

/* Begin PBXFileReference section */
		0BD7EE0BF0AD680ABABB4AA9 /* Pods-StylizeDemo.release.xcconfig */ = {isa = PBXFileReference; includeInIndex = 1; lastKnownFileType = text.xcconfig; name = "Pods-StylizeDemo.release.xcconfig"; path = "Pods/Target Support Files/Pods-StylizeDemo/Pods-StylizeDemo.release.xcconfig"; sourceTree = "<group>"; };
		1247B7B31A8B03DC00A4987A /* CoreGraphics.framework */ = {isa = PBXFileReference; lastKnownFileType = wrapper.framework; name = CoreGraphics.framework; path = System/Library/Frameworks/CoreGraphics.framework; sourceTree = SDKROOT; };
		12728C971A8211E300E5E2F5 /* StylizeDemo.app */ = {isa = PBXFileReference; explicitFileType = wrapper.application; includeInIndex = 0; path = StylizeDemo.app; sourceTree = BUILT_PRODUCTS_DIR; };
		12728C9B1A8211E400E5E2F5 /* Info.plist */ = {isa = PBXFileReference; lastKnownFileType = text.plist.xml; path = Info.plist; sourceTree = "<group>"; };
		12728C9C1A8211E400E5E2F5 /* main.m */ = {isa = PBXFileReference; lastKnownFileType = sourcecode.c.objc; path = main.m; sourceTree = "<group>"; };
		12728C9E1A8211E400E5E2F5 /* AppDelegate.h */ = {isa = PBXFileReference; lastKnownFileType = sourcecode.c.h; path = AppDelegate.h; sourceTree = "<group>"; };
		12728C9F1A8211E400E5E2F5 /* AppDelegate.m */ = {isa = PBXFileReference; lastKnownFileType = sourcecode.c.objc; path = AppDelegate.m; sourceTree = "<group>"; };
		12728CA11A8211E400E5E2F5 /* StylizeDemoBasicViewController.h */ = {isa = PBXFileReference; lastKnownFileType = sourcecode.c.h; path = StylizeDemoBasicViewController.h; sourceTree = "<group>"; };
		12728CA21A8211E400E5E2F5 /* StylizeDemoBasicViewController.m */ = {isa = PBXFileReference; lastKnownFileType = sourcecode.c.objc; path = StylizeDemoBasicViewController.m; sourceTree = "<group>"; };
		12728CA51A8211E400E5E2F5 /* Base */ = {isa = PBXFileReference; lastKnownFileType = file.storyboard; name = Base; path = Base.lproj/Main.storyboard; sourceTree = "<group>"; };
		12728CA71A8211E400E5E2F5 /* Images.xcassets */ = {isa = PBXFileReference; lastKnownFileType = folder.assetcatalog; path = Images.xcassets; sourceTree = "<group>"; };
		12728CAA1A8211E400E5E2F5 /* Base */ = {isa = PBXFileReference; lastKnownFileType = file.xib; name = Base; path = Base.lproj/LaunchScreen.xib; sourceTree = "<group>"; };
		12728CB01A8211E400E5E2F5 /* StylizeDemoTests.xctest */ = {isa = PBXFileReference; explicitFileType = wrapper.cfbundle; includeInIndex = 0; path = StylizeDemoTests.xctest; sourceTree = BUILT_PRODUCTS_DIR; };
		12728CB51A8211E400E5E2F5 /* Info.plist */ = {isa = PBXFileReference; lastKnownFileType = text.plist.xml; path = Info.plist; sourceTree = "<group>"; };
		12728CB61A8211E400E5E2F5 /* StylizeDemoTests.m */ = {isa = PBXFileReference; lastKnownFileType = sourcecode.c.objc; path = StylizeDemoTests.m; sourceTree = "<group>"; };
		129F83ED1C1D5E1100F19FB2 /* StylizeNode+Query.h */ = {isa = PBXFileReference; fileEncoding = 4; lastKnownFileType = sourcecode.c.h; path = "StylizeNode+Query.h"; sourceTree = "<group>"; };
		129F83EE1C1D5E1100F19FB2 /* StylizeNode+Query.m */ = {isa = PBXFileReference; fileEncoding = 4; lastKnownFileType = sourcecode.c.objc; path = "StylizeNode+Query.m"; sourceTree = "<group>"; };
		129F83F21C1D5E1100F19FB2 /* StylizeLayoutFlexGeometry.h */ = {isa = PBXFileReference; fileEncoding = 4; lastKnownFileType = sourcecode.c.h; path = StylizeLayoutFlexGeometry.h; sourceTree = "<group>"; };
		129F83F31C1D5E1100F19FB2 /* StylizeNode+Flexbox.h */ = {isa = PBXFileReference; fileEncoding = 4; lastKnownFileType = sourcecode.c.h; path = "StylizeNode+Flexbox.h"; sourceTree = "<group>"; };
		129F83F41C1D5E1100F19FB2 /* StylizeNode+Flexbox.m */ = {isa = PBXFileReference; fileEncoding = 4; lastKnownFileType = sourcecode.c.objc; path = "StylizeNode+Flexbox.m"; sourceTree = "<group>"; };
		129F83F61C1D5E1100F19FB2 /* StylizeButtonNode.h */ = {isa = PBXFileReference; fileEncoding = 4; lastKnownFileType = sourcecode.c.h; path = StylizeButtonNode.h; sourceTree = "<group>"; };
		129F83F71C1D5E1100F19FB2 /* StylizeButtonNode.m */ = {isa = PBXFileReference; fileEncoding = 4; lastKnownFileType = sourcecode.c.objc; path = StylizeButtonNode.m; sourceTree = "<group>"; };
		129F83F81C1D5E1100F19FB2 /* StylizeCellNode.h */ = {isa = PBXFileReference; fileEncoding = 4; lastKnownFileType = sourcecode.c.h; path = StylizeCellNode.h; sourceTree = "<group>"; };
		129F83F91C1D5E1100F19FB2 /* StylizeCellNode.m */ = {isa = PBXFileReference; fileEncoding = 4; lastKnownFileType = sourcecode.c.objc; path = StylizeCellNode.m; sourceTree = "<group>"; };
		129F83FA1C1D5E1100F19FB2 /* StylizeControlNode.h */ = {isa = PBXFileReference; fileEncoding = 4; lastKnownFileType = sourcecode.c.h; path = StylizeControlNode.h; sourceTree = "<group>"; };
		129F83FB1C1D5E1100F19FB2 /* StylizeControlNode.m */ = {isa = PBXFileReference; fileEncoding = 4; lastKnownFileType = sourcecode.c.objc; path = StylizeControlNode.m; sourceTree = "<group>"; };
		129F83FC1C1D5E1100F19FB2 /* StylizeEventDefinations.h */ = {isa = PBXFileReference; fileEncoding = 4; lastKnownFileType = sourcecode.c.h; path = StylizeEventDefinations.h; sourceTree = "<group>"; };
		129F83FD1C1D5E1100F19FB2 /* StylizeImageNode.h */ = {isa = PBXFileReference; fileEncoding = 4; lastKnownFileType = sourcecode.c.h; path = StylizeImageNode.h; sourceTree = "<group>"; };
		129F83FE1C1D5E1100F19FB2 /* StylizeImageNode.m */ = {isa = PBXFileReference; fileEncoding = 4; lastKnownFileType = sourcecode.c.objc; path = StylizeImageNode.m; sourceTree = "<group>"; };
		129F83FF1C1D5E1100F19FB2 /* StylizeScrollNode.h */ = {isa = PBXFileReference; fileEncoding = 4; lastKnownFileType = sourcecode.c.h; path = StylizeScrollNode.h; sourceTree = "<group>"; };
		129F84001C1D5E1100F19FB2 /* StylizeScrollNode.m */ = {isa = PBXFileReference; fileEncoding = 4; lastKnownFileType = sourcecode.c.objc; path = StylizeScrollNode.m; sourceTree = "<group>"; };
		129F84011C1D5E1100F19FB2 /* StylizeTextNode.h */ = {isa = PBXFileReference; fileEncoding = 4; lastKnownFileType = sourcecode.c.h; path = StylizeTextNode.h; sourceTree = "<group>"; };
		129F84021C1D5E1100F19FB2 /* StylizeTextNode.m */ = {isa = PBXFileReference; fileEncoding = 4; lastKnownFileType = sourcecode.c.objc; path = StylizeTextNode.m; sourceTree = "<group>"; };
		129F84051C1D5E1100F19FB2 /* StylizeCSSMediaQuery.h */ = {isa = PBXFileReference; fileEncoding = 4; lastKnownFileType = sourcecode.c.h; path = StylizeCSSMediaQuery.h; sourceTree = "<group>"; };
		129F84061C1D5E1100F19FB2 /* StylizeCSSMediaQuery.m */ = {isa = PBXFileReference; fileEncoding = 4; lastKnownFileType = sourcecode.c.objc; path = StylizeCSSMediaQuery.m; sourceTree = "<group>"; };
		129F84071C1D5E1100F19FB2 /* StylizeCSSRule.h */ = {isa = PBXFileReference; fileEncoding = 4; lastKnownFileType = sourcecode.c.h; path = StylizeCSSRule.h; sourceTree = "<group>"; };
		129F84081C1D5E1100F19FB2 /* StylizeCSSRule.m */ = {isa = PBXFileReference; fileEncoding = 4; lastKnownFileType = sourcecode.c.objc; path = StylizeCSSRule.m; sourceTree = "<group>"; };
		129F84091C1D5E1100F19FB2 /* StylizeCSSRuleParser.h */ = {isa = PBXFileReference; fileEncoding = 4; lastKnownFileType = sourcecode.c.h; path = StylizeCSSRuleParser.h; sourceTree = "<group>"; };
		129F840A1C1D5E1100F19FB2 /* StylizeCSSRuleParser.m */ = {isa = PBXFileReference; fileEncoding = 4; lastKnownFileType = sourcecode.c.objc; path = StylizeCSSRuleParser.m; sourceTree = "<group>"; };
		129F840B1C1D5E1100F19FB2 /* Stylize.h */ = {isa = PBXFileReference; fileEncoding = 4; lastKnownFileType = sourcecode.c.h; path = Stylize.h; sourceTree = "<group>"; };
		129F840E1C1D5E1100F19FB2 /* StylizeGeometry.h */ = {isa = PBXFileReference; fileEncoding = 4; lastKnownFileType = sourcecode.c.h; path = StylizeGeometry.h; sourceTree = "<group>"; };
		129F840F1C1D5E1100F19FB2 /* StylizeNode.h */ = {isa = PBXFileReference; fileEncoding = 4; lastKnownFileType = sourcecode.c.h; path = StylizeNode.h; sourceTree = "<group>"; };
		129F84101C1D5E1100F19FB2 /* StylizeNode.m */ = {isa = PBXFileReference; fileEncoding = 4; lastKnownFileType = sourcecode.c.objc; path = StylizeNode.m; sourceTree = "<group>"; };
		129F84151C1D5E1100F19FB2 /* Layout.c */ = {isa = PBXFileReference; fileEncoding = 4; lastKnownFileType = sourcecode.c.c; path = Layout.c; sourceTree = "<group>"; };
		129F84161C1D5E1100F19FB2 /* Layout.h */ = {isa = PBXFileReference; fileEncoding = 4; lastKnownFileType = sourcecode.c.h; path = Layout.h; sourceTree = "<group>"; };
		129F84181C1D5E1100F19FB2 /* StylizeColorUtility.h */ = {isa = PBXFileReference; fileEncoding = 4; lastKnownFileType = sourcecode.c.h; path = StylizeColorUtility.h; sourceTree = "<group>"; };
		129F84191C1D5E1100F19FB2 /* StylizeColorUtility.m */ = {isa = PBXFileReference; fileEncoding = 4; lastKnownFileType = sourcecode.c.objc; path = StylizeColorUtility.m; sourceTree = "<group>"; };
		129F841A1C1D5E1100F19FB2 /* StylizeRegexUtility.h */ = {isa = PBXFileReference; fileEncoding = 4; lastKnownFileType = sourcecode.c.h; path = StylizeRegexUtility.h; sourceTree = "<group>"; };
		129F841B1C1D5E1100F19FB2 /* StylizeRegexUtility.m */ = {isa = PBXFileReference; fileEncoding = 4; lastKnownFileType = sourcecode.c.objc; path = StylizeRegexUtility.m; sourceTree = "<group>"; };
		129F841C1C1D5E1100F19FB2 /* StylizeUtility.h */ = {isa = PBXFileReference; fileEncoding = 4; lastKnownFileType = sourcecode.c.h; path = StylizeUtility.h; sourceTree = "<group>"; };
		129F841D1C1D5E1100F19FB2 /* StylizeUtility.m */ = {isa = PBXFileReference; fileEncoding = 4; lastKnownFileType = sourcecode.c.objc; path = StylizeUtility.m; sourceTree = "<group>"; };
		129F84311C1D790E00F19FB2 /* UIView+StylizeNode.h */ = {isa = PBXFileReference; fileEncoding = 4; lastKnownFileType = sourcecode.c.h; path = "UIView+StylizeNode.h"; sourceTree = "<group>"; };
		129F84321C1D790E00F19FB2 /* UIView+StylizeNode.m */ = {isa = PBXFileReference; fileEncoding = 4; lastKnownFileType = sourcecode.c.objc; path = "UIView+StylizeNode.m"; sourceTree = "<group>"; };
		129F84431C1D98A200F19FB2 /* libxml2.tbd */ = {isa = PBXFileReference; lastKnownFileType = "sourcecode.text-based-dylib-definition"; name = libxml2.tbd; path = usr/lib/libxml2.tbd; sourceTree = SDKROOT; };
		129F84461C1D9AF100F19FB2 /* StylizeDemoBasicNode.xml */ = {isa = PBXFileReference; fileEncoding = 4; lastKnownFileType = text.xml; path = StylizeDemoBasicNode.xml; sourceTree = "<group>"; };
		129F84481C1EDD4300F19FB2 /* StylizeStyleSheet.h */ = {isa = PBXFileReference; fileEncoding = 4; lastKnownFileType = sourcecode.c.h; path = StylizeStyleSheet.h; sourceTree = "<group>"; };
		129F84491C1EDD4300F19FB2 /* StylizeStyleSheet.m */ = {isa = PBXFileReference; fileEncoding = 4; lastKnownFileType = sourcecode.c.objc; path = StylizeStyleSheet.m; sourceTree = "<group>"; };
		12AEA9621C143C8800FCA81D /* MDLaunchScreenLogo.png */ = {isa = PBXFileReference; lastKnownFileType = image.png; path = MDLaunchScreenLogo.png; sourceTree = "<group>"; };
		12C62D7E1AE6570B00B09438 /* CFNetwork.framework */ = {isa = PBXFileReference; lastKnownFileType = wrapper.framework; name = CFNetwork.framework; path = System/Library/Frameworks/CFNetwork.framework; sourceTree = SDKROOT; };
		12C62D801AE6571900B09438 /* SystemConfiguration.framework */ = {isa = PBXFileReference; lastKnownFileType = wrapper.framework; name = SystemConfiguration.framework; path = System/Library/Frameworks/SystemConfiguration.framework; sourceTree = SDKROOT; };
		28895344B8993F3EE29E8977 /* Pods-StylizeDemo.debug.xcconfig */ = {isa = PBXFileReference; includeInIndex = 1; lastKnownFileType = text.xcconfig; name = "Pods-StylizeDemo.debug.xcconfig"; path = "Pods/Target Support Files/Pods-StylizeDemo/Pods-StylizeDemo.debug.xcconfig"; sourceTree = "<group>"; };
		F86003E1CBE76D224D378DA3 /* libPods-StylizeDemo.a */ = {isa = PBXFileReference; explicitFileType = archive.ar; includeInIndex = 0; path = "libPods-StylizeDemo.a"; sourceTree = BUILT_PRODUCTS_DIR; };
/* End PBXFileReference section */

/* Begin PBXFrameworksBuildPhase section */
		12728C941A8211E300E5E2F5 /* Frameworks */ = {
			isa = PBXFrameworksBuildPhase;
			buildActionMask = 2147483647;
			files = (
				12C62D811AE6571900B09438 /* SystemConfiguration.framework in Frameworks */,
				12C62D7F1AE6570B00B09438 /* CFNetwork.framework in Frameworks */,
				1247B7B41A8B03DC00A4987A /* CoreGraphics.framework in Frameworks */,
				50ECAD8664A81EC93ABB9F0A /* libPods-StylizeDemo.a in Frameworks */,
			);
			runOnlyForDeploymentPostprocessing = 0;
		};
		12728CAD1A8211E400E5E2F5 /* Frameworks */ = {
			isa = PBXFrameworksBuildPhase;
			buildActionMask = 2147483647;
			files = (
			);
			runOnlyForDeploymentPostprocessing = 0;
		};
/* End PBXFrameworksBuildPhase section */

/* Begin PBXGroup section */
		12728C8E1A8211E300E5E2F5 = {
			isa = PBXGroup;
			children = (
				129F83EA1C1D5E1100F19FB2 /* Classes */,
				12728C991A8211E300E5E2F5 /* StylizeDemo */,
				12728CB31A8211E400E5E2F5 /* StylizeDemoTests */,
				12728C981A8211E300E5E2F5 /* Products */,
				A1C349D725D632F731CD9697 /* Pods */,
				362F8ACE82DC5E727EA396EF /* Frameworks */,
			);
			sourceTree = "<group>";
		};
		12728C981A8211E300E5E2F5 /* Products */ = {
			isa = PBXGroup;
			children = (
				12728C971A8211E300E5E2F5 /* StylizeDemo.app */,
				12728CB01A8211E400E5E2F5 /* StylizeDemoTests.xctest */,
			);
			name = Products;
			sourceTree = "<group>";
		};
		12728C991A8211E300E5E2F5 /* StylizeDemo */ = {
			isa = PBXGroup;
			children = (
				12728C9E1A8211E400E5E2F5 /* AppDelegate.h */,
				12728C9F1A8211E400E5E2F5 /* AppDelegate.m */,
				12728CA11A8211E400E5E2F5 /* StylizeDemoBasicViewController.h */,
				12728CA21A8211E400E5E2F5 /* StylizeDemoBasicViewController.m */,
				12728CA41A8211E400E5E2F5 /* Main.storyboard */,
				12728CA71A8211E400E5E2F5 /* Images.xcassets */,
				12728CA91A8211E400E5E2F5 /* LaunchScreen.xib */,
				12728C9A1A8211E300E5E2F5 /* Supporting Files */,
				129F84461C1D9AF100F19FB2 /* StylizeDemoBasicNode.xml */,
			);
			path = StylizeDemo;
			sourceTree = "<group>";
		};
		12728C9A1A8211E300E5E2F5 /* Supporting Files */ = {
			isa = PBXGroup;
			children = (
				12AEA9621C143C8800FCA81D /* MDLaunchScreenLogo.png */,
				12728C9B1A8211E400E5E2F5 /* Info.plist */,
				12728C9C1A8211E400E5E2F5 /* main.m */,
			);
			name = "Supporting Files";
			sourceTree = "<group>";
		};
		12728CB31A8211E400E5E2F5 /* StylizeDemoTests */ = {
			isa = PBXGroup;
			children = (
				12728CB61A8211E400E5E2F5 /* StylizeDemoTests.m */,
				12728CB41A8211E400E5E2F5 /* Supporting Files */,
			);
			path = StylizeDemoTests;
			sourceTree = "<group>";
		};
		12728CB41A8211E400E5E2F5 /* Supporting Files */ = {
			isa = PBXGroup;
			children = (
				12728CB51A8211E400E5E2F5 /* Info.plist */,
			);
			name = "Supporting Files";
			sourceTree = "<group>";
		};
		129F83EA1C1D5E1100F19FB2 /* Classes */ = {
			isa = PBXGroup;
			children = (
				129F83EB1C1D5E1100F19FB2 /* Category */,
				129F83EC1C1D5E1100F19FB2 /* Improved */,
				129F83F11C1D5E1100F19FB2 /* Layout */,
				129F83F51C1D5E1100F19FB2 /* NodeKit */,
				129F84031C1D5E1100F19FB2 /* Shared */,
				129F84041C1D5E1100F19FB2 /* Style */,
				129F840B1C1D5E1100F19FB2 /* Stylize.h */,
				129F840E1C1D5E1100F19FB2 /* StylizeGeometry.h */,
				129F840F1C1D5E1100F19FB2 /* StylizeNode.h */,
				129F84101C1D5E1100F19FB2 /* StylizeNode.m */,
				129F84111C1D5E1100F19FB2 /* Template */,
				129F84121C1D5E1100F19FB2 /* ThirdParty */,
				129F84171C1D5E1100F19FB2 /* Utility */,
			);
			name = Classes;
			path = ../../Pod/Classes;
			sourceTree = "<group>";
		};
		129F83EB1C1D5E1100F19FB2 /* Category */ = {
			isa = PBXGroup;
			children = (
				129F84311C1D790E00F19FB2 /* UIView+StylizeNode.h */,
				129F84321C1D790E00F19FB2 /* UIView+StylizeNode.m */,
			);
			path = Category;
			sourceTree = "<group>";
		};
		129F83EC1C1D5E1100F19FB2 /* Improved */ = {
			isa = PBXGroup;
			children = (
				129F83ED1C1D5E1100F19FB2 /* StylizeNode+Query.h */,
				129F83EE1C1D5E1100F19FB2 /* StylizeNode+Query.m */,
			);
			path = Improved;
			sourceTree = "<group>";
		};
		129F83F11C1D5E1100F19FB2 /* Layout */ = {
			isa = PBXGroup;
			children = (
				129F83F21C1D5E1100F19FB2 /* StylizeLayoutFlexGeometry.h */,
				129F83F31C1D5E1100F19FB2 /* StylizeNode+Flexbox.h */,
				129F83F41C1D5E1100F19FB2 /* StylizeNode+Flexbox.m */,
			);
			path = Layout;
			sourceTree = "<group>";
		};
		129F83F51C1D5E1100F19FB2 /* NodeKit */ = {
			isa = PBXGroup;
			children = (
				129F83F61C1D5E1100F19FB2 /* StylizeButtonNode.h */,
				129F83F71C1D5E1100F19FB2 /* StylizeButtonNode.m */,
				129F83F81C1D5E1100F19FB2 /* StylizeCellNode.h */,
				129F83F91C1D5E1100F19FB2 /* StylizeCellNode.m */,
				129F83FA1C1D5E1100F19FB2 /* StylizeControlNode.h */,
				129F83FB1C1D5E1100F19FB2 /* StylizeControlNode.m */,
				129F83FC1C1D5E1100F19FB2 /* StylizeEventDefinations.h */,
				129F83FD1C1D5E1100F19FB2 /* StylizeImageNode.h */,
				129F83FE1C1D5E1100F19FB2 /* StylizeImageNode.m */,
				129F83FF1C1D5E1100F19FB2 /* StylizeScrollNode.h */,
				129F84001C1D5E1100F19FB2 /* StylizeScrollNode.m */,
				129F84011C1D5E1100F19FB2 /* StylizeTextNode.h */,
				129F84021C1D5E1100F19FB2 /* StylizeTextNode.m */,
			);
			path = NodeKit;
			sourceTree = "<group>";
		};
		129F84031C1D5E1100F19FB2 /* Shared */ = {
			isa = PBXGroup;
			children = (
			);
			path = Shared;
			sourceTree = "<group>";
		};
		129F84041C1D5E1100F19FB2 /* Style */ = {
			isa = PBXGroup;
			children = (
				129F84051C1D5E1100F19FB2 /* StylizeCSSMediaQuery.h */,
				129F84061C1D5E1100F19FB2 /* StylizeCSSMediaQuery.m */,
				129F84071C1D5E1100F19FB2 /* StylizeCSSRule.h */,
				129F84081C1D5E1100F19FB2 /* StylizeCSSRule.m */,
				129F84091C1D5E1100F19FB2 /* StylizeCSSRuleParser.h */,
				129F840A1C1D5E1100F19FB2 /* StylizeCSSRuleParser.m */,
				129F84481C1EDD4300F19FB2 /* StylizeStyleSheet.h */,
				129F84491C1EDD4300F19FB2 /* StylizeStyleSheet.m */,
			);
			path = Style;
			sourceTree = "<group>";
		};
		129F84111C1D5E1100F19FB2 /* Template */ = {
			isa = PBXGroup;
			children = (
			);
			path = Template;
			sourceTree = "<group>";
		};
		129F84121C1D5E1100F19FB2 /* ThirdParty */ = {
			isa = PBXGroup;
			children = (
				129F84141C1D5E1100F19FB2 /* css-layout */,
			);
			path = ThirdParty;
			sourceTree = "<group>";
		};
		129F84141C1D5E1100F19FB2 /* css-layout */ = {
			isa = PBXGroup;
			children = (
				129F84151C1D5E1100F19FB2 /* Layout.c */,
				129F84161C1D5E1100F19FB2 /* Layout.h */,
			);
			path = "css-layout";
			sourceTree = "<group>";
		};
		129F84171C1D5E1100F19FB2 /* Utility */ = {
			isa = PBXGroup;
			children = (
				129F84181C1D5E1100F19FB2 /* StylizeColorUtility.h */,
				129F84191C1D5E1100F19FB2 /* StylizeColorUtility.m */,
				129F841A1C1D5E1100F19FB2 /* StylizeRegexUtility.h */,
				129F841B1C1D5E1100F19FB2 /* StylizeRegexUtility.m */,
				129F841C1C1D5E1100F19FB2 /* StylizeUtility.h */,
				129F841D1C1D5E1100F19FB2 /* StylizeUtility.m */,
			);
			path = Utility;
			sourceTree = "<group>";
		};
		362F8ACE82DC5E727EA396EF /* Frameworks */ = {
			isa = PBXGroup;
			children = (
				129F84431C1D98A200F19FB2 /* libxml2.tbd */,
				12C62D801AE6571900B09438 /* SystemConfiguration.framework */,
				12C62D7E1AE6570B00B09438 /* CFNetwork.framework */,
				1247B7B31A8B03DC00A4987A /* CoreGraphics.framework */,
				F86003E1CBE76D224D378DA3 /* libPods-StylizeDemo.a */,
			);
			name = Frameworks;
			sourceTree = "<group>";
		};
		A1C349D725D632F731CD9697 /* Pods */ = {
			isa = PBXGroup;
			children = (
				28895344B8993F3EE29E8977 /* Pods-StylizeDemo.debug.xcconfig */,
				0BD7EE0BF0AD680ABABB4AA9 /* Pods-StylizeDemo.release.xcconfig */,
			);
			name = Pods;
			sourceTree = "<group>";
		};
/* End PBXGroup section */

/* Begin PBXNativeTarget section */
		12728C961A8211E300E5E2F5 /* StylizeDemo */ = {
			isa = PBXNativeTarget;
			buildConfigurationList = 12728CBA1A8211E400E5E2F5 /* Build configuration list for PBXNativeTarget "StylizeDemo" */;
			buildPhases = (
				14DC4866636AA84DCB79C56A /* Check Pods Manifest.lock */,
				12728C931A8211E300E5E2F5 /* Sources */,
				12728C941A8211E300E5E2F5 /* Frameworks */,
				12728C951A8211E300E5E2F5 /* Resources */,
				4C173A5BFFC874FE73E71DA8 /* Copy Pods Resources */,
				34F69BF392C7BD406630A179 /* Embed Pods Frameworks */,
			);
			buildRules = (
			);
			dependencies = (
			);
			name = StylizeDemo;
			productName = StylizeDemo;
			productReference = 12728C971A8211E300E5E2F5 /* StylizeDemo.app */;
			productType = "com.apple.product-type.application";
		};
		12728CAF1A8211E400E5E2F5 /* StylizeDemoTests */ = {
			isa = PBXNativeTarget;
			buildConfigurationList = 12728CBD1A8211E400E5E2F5 /* Build configuration list for PBXNativeTarget "StylizeDemoTests" */;
			buildPhases = (
				12728CAC1A8211E400E5E2F5 /* Sources */,
				12728CAD1A8211E400E5E2F5 /* Frameworks */,
				12728CAE1A8211E400E5E2F5 /* Resources */,
			);
			buildRules = (
			);
			dependencies = (
				12728CB21A8211E400E5E2F5 /* PBXTargetDependency */,
			);
			name = StylizeDemoTests;
			productName = StylizeDemoTests;
			productReference = 12728CB01A8211E400E5E2F5 /* StylizeDemoTests.xctest */;
			productType = "com.apple.product-type.bundle.unit-test";
		};
/* End PBXNativeTarget section */

/* Begin PBXProject section */
		12728C8F1A8211E300E5E2F5 /* Project object */ = {
			isa = PBXProject;
			attributes = {
				LastUpgradeCheck = 0710;
				ORGANIZATIONNAME = "Yulin Ding";
				TargetAttributes = {
					12728C961A8211E300E5E2F5 = {
						CreatedOnToolsVersion = 6.1.1;
					};
					12728CAF1A8211E400E5E2F5 = {
						CreatedOnToolsVersion = 6.1.1;
						TestTargetID = 12728C961A8211E300E5E2F5;
					};
				};
			};
			buildConfigurationList = 12728C921A8211E300E5E2F5 /* Build configuration list for PBXProject "StylizeDemo" */;
			compatibilityVersion = "Xcode 3.2";
			developmentRegion = English;
			hasScannedForEncodings = 0;
			knownRegions = (
				en,
				Base,
			);
			mainGroup = 12728C8E1A8211E300E5E2F5;
			productRefGroup = 12728C981A8211E300E5E2F5 /* Products */;
			projectDirPath = "";
			projectRoot = "";
			targets = (
				12728C961A8211E300E5E2F5 /* StylizeDemo */,
				12728CAF1A8211E400E5E2F5 /* StylizeDemoTests */,
			);
		};
/* End PBXProject section */

/* Begin PBXResourcesBuildPhase section */
		12728C951A8211E300E5E2F5 /* Resources */ = {
			isa = PBXResourcesBuildPhase;
			buildActionMask = 2147483647;
			files = (
				12728CA61A8211E400E5E2F5 /* Main.storyboard in Resources */,
				12728CAB1A8211E400E5E2F5 /* LaunchScreen.xib in Resources */,
				12AEA9631C143C8800FCA81D /* MDLaunchScreenLogo.png in Resources */,
				129F84471C1D9AF100F19FB2 /* StylizeDemoBasicNode.xml in Resources */,
				12728CA81A8211E400E5E2F5 /* Images.xcassets in Resources */,
			);
			runOnlyForDeploymentPostprocessing = 0;
		};
		12728CAE1A8211E400E5E2F5 /* Resources */ = {
			isa = PBXResourcesBuildPhase;
			buildActionMask = 2147483647;
			files = (
			);
			runOnlyForDeploymentPostprocessing = 0;
		};
/* End PBXResourcesBuildPhase section */

/* Begin PBXShellScriptBuildPhase section */
		14DC4866636AA84DCB79C56A /* Check Pods Manifest.lock */ = {
			isa = PBXShellScriptBuildPhase;
			buildActionMask = 2147483647;
			files = (
			);
			inputPaths = (
			);
			name = "Check Pods Manifest.lock";
			outputPaths = (
			);
			runOnlyForDeploymentPostprocessing = 0;
			shellPath = /bin/sh;
			shellScript = "diff \"${PODS_ROOT}/../Podfile.lock\" \"${PODS_ROOT}/Manifest.lock\" > /dev/null\nif [[ $? != 0 ]] ; then\n    cat << EOM\nerror: The sandbox is not in sync with the Podfile.lock. Run 'pod install' or update your CocoaPods installation.\nEOM\n    exit 1\nfi\n";
			showEnvVarsInLog = 0;
		};
		34F69BF392C7BD406630A179 /* Embed Pods Frameworks */ = {
			isa = PBXShellScriptBuildPhase;
			buildActionMask = 2147483647;
			files = (
			);
			inputPaths = (
			);
			name = "Embed Pods Frameworks";
			outputPaths = (
			);
			runOnlyForDeploymentPostprocessing = 0;
			shellPath = /bin/sh;
			shellScript = "\"${SRCROOT}/Pods/Target Support Files/Pods-StylizeDemo/Pods-StylizeDemo-frameworks.sh\"\n";
			showEnvVarsInLog = 0;
		};
		4C173A5BFFC874FE73E71DA8 /* Copy Pods Resources */ = {
			isa = PBXShellScriptBuildPhase;
			buildActionMask = 2147483647;
			files = (
			);
			inputPaths = (
			);
			name = "Copy Pods Resources";
			outputPaths = (
			);
			runOnlyForDeploymentPostprocessing = 0;
			shellPath = /bin/sh;
			shellScript = "\"${SRCROOT}/Pods/Target Support Files/Pods-StylizeDemo/Pods-StylizeDemo-resources.sh\"\n";
			showEnvVarsInLog = 0;
		};
/* End PBXShellScriptBuildPhase section */

/* Begin PBXSourcesBuildPhase section */
		12728C931A8211E300E5E2F5 /* Sources */ = {
			isa = PBXSourcesBuildPhase;
			buildActionMask = 2147483647;
			files = (
				129F842E1C1D5E1100F19FB2 /* StylizeColorUtility.m in Sources */,
				129F84281C1D5E1100F19FB2 /* StylizeCSSRule.m in Sources */,
				129F842D1C1D5E1100F19FB2 /* Layout.c in Sources */,
				129F842F1C1D5E1100F19FB2 /* StylizeRegexUtility.m in Sources */,
				129F84291C1D5E1100F19FB2 /* StylizeCSSRuleParser.m in Sources */,
				129F84331C1D790E00F19FB2 /* UIView+StylizeNode.m in Sources */,
				129F84251C1D5E1100F19FB2 /* StylizeScrollNode.m in Sources */,
				129F84241C1D5E1100F19FB2 /* StylizeImageNode.m in Sources */,
				129F844A1C1EDD4300F19FB2 /* StylizeStyleSheet.m in Sources */,
				129F84271C1D5E1100F19FB2 /* StylizeCSSMediaQuery.m in Sources */,
				129F84261C1D5E1100F19FB2 /* StylizeTextNode.m in Sources */,
				129F84231C1D5E1100F19FB2 /* StylizeControlNode.m in Sources */,
				129F84201C1D5E1100F19FB2 /* StylizeNode+Flexbox.m in Sources */,
				12728CA31A8211E400E5E2F5 /* StylizeDemoBasicViewController.m in Sources */,
				129F84211C1D5E1100F19FB2 /* StylizeButtonNode.m in Sources */,
				129F841E1C1D5E1100F19FB2 /* StylizeNode+Query.m in Sources */,
				12728CA01A8211E400E5E2F5 /* AppDelegate.m in Sources */,
				129F84221C1D5E1100F19FB2 /* StylizeCellNode.m in Sources */,
				129F842B1C1D5E1100F19FB2 /* StylizeNode.m in Sources */,
				129F84301C1D5E1100F19FB2 /* StylizeUtility.m in Sources */,
				12728C9D1A8211E400E5E2F5 /* main.m in Sources */,
			);
			runOnlyForDeploymentPostprocessing = 0;
		};
		12728CAC1A8211E400E5E2F5 /* Sources */ = {
			isa = PBXSourcesBuildPhase;
			buildActionMask = 2147483647;
			files = (
				12728CB71A8211E400E5E2F5 /* StylizeDemoTests.m in Sources */,
			);
			runOnlyForDeploymentPostprocessing = 0;
		};
/* End PBXSourcesBuildPhase section */

/* Begin PBXTargetDependency section */
		12728CB21A8211E400E5E2F5 /* PBXTargetDependency */ = {
			isa = PBXTargetDependency;
			target = 12728C961A8211E300E5E2F5 /* StylizeDemo */;
			targetProxy = 12728CB11A8211E400E5E2F5 /* PBXContainerItemProxy */;
		};
/* End PBXTargetDependency section */

/* Begin PBXVariantGroup section */
		12728CA41A8211E400E5E2F5 /* Main.storyboard */ = {
			isa = PBXVariantGroup;
			children = (
				12728CA51A8211E400E5E2F5 /* Base */,
			);
			name = Main.storyboard;
			sourceTree = "<group>";
		};
		12728CA91A8211E400E5E2F5 /* LaunchScreen.xib */ = {
			isa = PBXVariantGroup;
			children = (
				12728CAA1A8211E400E5E2F5 /* Base */,
			);
			name = LaunchScreen.xib;
			sourceTree = "<group>";
		};
/* End PBXVariantGroup section */

/* Begin XCBuildConfiguration section */
		12728CB81A8211E400E5E2F5 /* Debug */ = {
			isa = XCBuildConfiguration;
			buildSettings = {
				ALWAYS_SEARCH_USER_PATHS = NO;
				CLANG_CXX_LANGUAGE_STANDARD = "gnu++0x";
				CLANG_CXX_LIBRARY = "libc++";
				CLANG_ENABLE_MODULES = YES;
				CLANG_ENABLE_OBJC_ARC = YES;
				CLANG_WARN_BOOL_CONVERSION = YES;
				CLANG_WARN_CONSTANT_CONVERSION = YES;
				CLANG_WARN_DIRECT_OBJC_ISA_USAGE = YES_ERROR;
				CLANG_WARN_EMPTY_BODY = YES;
				CLANG_WARN_ENUM_CONVERSION = YES;
				CLANG_WARN_INT_CONVERSION = YES;
				CLANG_WARN_OBJC_ROOT_CLASS = YES_ERROR;
				CLANG_WARN_UNREACHABLE_CODE = YES;
				CLANG_WARN__DUPLICATE_METHOD_MATCH = YES;
				"CODE_SIGN_IDENTITY[sdk=iphoneos*]" = "iPhone Developer";
				COPY_PHASE_STRIP = NO;
				ENABLE_STRICT_OBJC_MSGSEND = YES;
				ENABLE_TESTABILITY = YES;
				GCC_C_LANGUAGE_STANDARD = gnu99;
				GCC_DYNAMIC_NO_PIC = NO;
				GCC_OPTIMIZATION_LEVEL = 0;
				GCC_PREPROCESSOR_DEFINITIONS = (
					"DEBUG=1",
					"$(inherited)",
				);
				GCC_SYMBOLS_PRIVATE_EXTERN = NO;
				GCC_WARN_64_TO_32_BIT_CONVERSION = YES;
				GCC_WARN_ABOUT_RETURN_TYPE = YES_ERROR;
				GCC_WARN_UNDECLARED_SELECTOR = YES;
				GCC_WARN_UNINITIALIZED_AUTOS = YES_AGGRESSIVE;
				GCC_WARN_UNUSED_FUNCTION = YES;
				GCC_WARN_UNUSED_VARIABLE = YES;
				IPHONEOS_DEPLOYMENT_TARGET = 8.1;
				MTL_ENABLE_DEBUG_INFO = YES;
				ONLY_ACTIVE_ARCH = YES;
				SDKROOT = iphoneos;
			};
			name = Debug;
		};
		12728CB91A8211E400E5E2F5 /* Release */ = {
			isa = XCBuildConfiguration;
			buildSettings = {
				ALWAYS_SEARCH_USER_PATHS = NO;
				CLANG_CXX_LANGUAGE_STANDARD = "gnu++0x";
				CLANG_CXX_LIBRARY = "libc++";
				CLANG_ENABLE_MODULES = YES;
				CLANG_ENABLE_OBJC_ARC = YES;
				CLANG_WARN_BOOL_CONVERSION = YES;
				CLANG_WARN_CONSTANT_CONVERSION = YES;
				CLANG_WARN_DIRECT_OBJC_ISA_USAGE = YES_ERROR;
				CLANG_WARN_EMPTY_BODY = YES;
				CLANG_WARN_ENUM_CONVERSION = YES;
				CLANG_WARN_INT_CONVERSION = YES;
				CLANG_WARN_OBJC_ROOT_CLASS = YES_ERROR;
				CLANG_WARN_UNREACHABLE_CODE = YES;
				CLANG_WARN__DUPLICATE_METHOD_MATCH = YES;
				"CODE_SIGN_IDENTITY[sdk=iphoneos*]" = "iPhone Developer";
				COPY_PHASE_STRIP = YES;
				ENABLE_NS_ASSERTIONS = NO;
				ENABLE_STRICT_OBJC_MSGSEND = YES;
				GCC_C_LANGUAGE_STANDARD = gnu99;
				GCC_WARN_64_TO_32_BIT_CONVERSION = YES;
				GCC_WARN_ABOUT_RETURN_TYPE = YES_ERROR;
				GCC_WARN_UNDECLARED_SELECTOR = YES;
				GCC_WARN_UNINITIALIZED_AUTOS = YES_AGGRESSIVE;
				GCC_WARN_UNUSED_FUNCTION = YES;
				GCC_WARN_UNUSED_VARIABLE = YES;
				IPHONEOS_DEPLOYMENT_TARGET = 8.1;
				MTL_ENABLE_DEBUG_INFO = NO;
				SDKROOT = iphoneos;
				VALIDATE_PRODUCT = YES;
			};
			name = Release;
		};
		12728CBB1A8211E400E5E2F5 /* Debug */ = {
			isa = XCBuildConfiguration;
			baseConfigurationReference = 28895344B8993F3EE29E8977 /* Pods-StylizeDemo.debug.xcconfig */;
			buildSettings = {
				ASSETCATALOG_COMPILER_APPICON_NAME = AppIcon;
				INFOPLIST_FILE = StylizeDemo/Info.plist;
				LD_RUNPATH_SEARCH_PATHS = "$(inherited) @executable_path/Frameworks";
				PRODUCT_BUNDLE_IDENTIFIER = "im.twist.$(PRODUCT_NAME:rfc1034identifier)";
				PRODUCT_NAME = "$(TARGET_NAME)";
			};
			name = Debug;
		};
		12728CBC1A8211E400E5E2F5 /* Release */ = {
			isa = XCBuildConfiguration;
			baseConfigurationReference = 0BD7EE0BF0AD680ABABB4AA9 /* Pods-StylizeDemo.release.xcconfig */;
			buildSettings = {
				ASSETCATALOG_COMPILER_APPICON_NAME = AppIcon;
				INFOPLIST_FILE = StylizeDemo/Info.plist;
				LD_RUNPATH_SEARCH_PATHS = "$(inherited) @executable_path/Frameworks";
				PRODUCT_BUNDLE_IDENTIFIER = "im.twist.$(PRODUCT_NAME:rfc1034identifier)";
				PRODUCT_NAME = "$(TARGET_NAME)";
			};
			name = Release;
		};
		12728CBE1A8211E400E5E2F5 /* Debug */ = {
			isa = XCBuildConfiguration;
			buildSettings = {
				BUNDLE_LOADER = "$(TEST_HOST)";
				FRAMEWORK_SEARCH_PATHS = (
					"$(SDKROOT)/Developer/Library/Frameworks",
					"$(inherited)",
				);
				GCC_PREPROCESSOR_DEFINITIONS = (
					"DEBUG=1",
					"$(inherited)",
				);
				INFOPLIST_FILE = StylizeDemoTests/Info.plist;
				LD_RUNPATH_SEARCH_PATHS = "$(inherited) @executable_path/Frameworks @loader_path/Frameworks";
				PRODUCT_BUNDLE_IDENTIFIER = "im.twist.$(PRODUCT_NAME:rfc1034identifier)";
				PRODUCT_NAME = "$(TARGET_NAME)";
				TEST_HOST = "$(BUILT_PRODUCTS_DIR)/StylizeDemo.app/StylizeDemo";
			};
			name = Debug;
		};
		12728CBF1A8211E400E5E2F5 /* Release */ = {
			isa = XCBuildConfiguration;
			buildSettings = {
				BUNDLE_LOADER = "$(TEST_HOST)";
				FRAMEWORK_SEARCH_PATHS = (
					"$(SDKROOT)/Developer/Library/Frameworks",
					"$(inherited)",
				);
				INFOPLIST_FILE = StylizeDemoTests/Info.plist;
				LD_RUNPATH_SEARCH_PATHS = "$(inherited) @executable_path/Frameworks @loader_path/Frameworks";
				PRODUCT_BUNDLE_IDENTIFIER = "im.twist.$(PRODUCT_NAME:rfc1034identifier)";
				PRODUCT_NAME = "$(TARGET_NAME)";
				TEST_HOST = "$(BUILT_PRODUCTS_DIR)/StylizeDemo.app/StylizeDemo";
			};
			name = Release;
		};
/* End XCBuildConfiguration section */

/* Begin XCConfigurationList section */
		12728C921A8211E300E5E2F5 /* Build configuration list for PBXProject "StylizeDemo" */ = {
			isa = XCConfigurationList;
			buildConfigurations = (
				12728CB81A8211E400E5E2F5 /* Debug */,
				12728CB91A8211E400E5E2F5 /* Release */,
			);
			defaultConfigurationIsVisible = 0;
			defaultConfigurationName = Release;
		};
		12728CBA1A8211E400E5E2F5 /* Build configuration list for PBXNativeTarget "StylizeDemo" */ = {
			isa = XCConfigurationList;
			buildConfigurations = (
				12728CBB1A8211E400E5E2F5 /* Debug */,
				12728CBC1A8211E400E5E2F5 /* Release */,
			);
			defaultConfigurationIsVisible = 0;
			defaultConfigurationName = Release;
		};
		12728CBD1A8211E400E5E2F5 /* Build configuration list for PBXNativeTarget "StylizeDemoTests" */ = {
			isa = XCConfigurationList;
			buildConfigurations = (
				12728CBE1A8211E400E5E2F5 /* Debug */,
				12728CBF1A8211E400E5E2F5 /* Release */,
			);
			defaultConfigurationIsVisible = 0;
			defaultConfigurationName = Release;
		};
/* End XCConfigurationList section */
	};
	rootObject = 12728C8F1A8211E300E5E2F5 /* Project object */;
}
